
Microsoft Visual Studio Solution File, Format Version 12.00
# Visual Studio 15
VisualStudioVersion = 15.0.27130.2010
MinimumVisualStudioVersion = 10.0.40219.1
Project("{9A19103F-16F7-4668-BE54-9A1E7A4F7556}") = "01. Hello, Name!", "1. Hello, Name!\01. Hello, Name!.csproj", "{E8556302-3081-46D6-A6DA-5B4A27857C8B}"
EndProject
Project("{9A19103F-16F7-4668-BE54-9A1E7A4F7556}") = "02. Max Method", "02. Max Method\02. Max Method.csproj", "{8951E0EC-4BDB-49B7-A425-80BB658B5524}"
EndProject
Project("{9A19103F-16F7-4668-BE54-9A1E7A4F7556}") = "03. English Name of Last Digit", "03. English Name of Last Digit\03. English Name of Last Digit.csproj", "{3AC54AE7-A2B8-4DA7-9BE9-44D21C0EA3DB}"
EndProject
Project("{9A19103F-16F7-4668-BE54-9A1E7A4F7556}") = "04. Numbers in Reversed Order", "4. Numbers in Reversed Order\04. Numbers in Reversed Order.csproj", "{A265EC94-74B8-4EDC-A4CD-57A0108E8FE2}"
EndProject
Project("{9A19103F-16F7-4668-BE54-9A1E7A4F7556}") = "05. Fibonacci Numbers", "05. Fibonacci Numbers\05. Fibonacci Numbers.csproj", "{579AAF1F-18C1-4ACB-A713-EB042627CF37}"
EndProject
Project("{9A19103F-16F7-4668-BE54-9A1E7A4F7556}") = "06. Prime Checker", "6. Prime Checker\06. Prime Checker.csproj", "{CD477870-F124-4EEF-BE2F-E9137D276EA7}"
EndProject
Project("{9A19103F-16F7-4668-BE54-9A1E7A4F7556}") = "07.  Primes in Given Range", "07.  Primes in Given Range\07.  Primes in Given Range.csproj", "{DE5FDB6D-CE87-49E6-8CF8-EE6C3120A006}"
EndProject
Project("{9A19103F-16F7-4668-BE54-9A1E7A4F7556}") = "08. Center Point", "08. Center Point\08. Center Point.csproj", "{7354D1DA-6281-4458-A5B6-7962E4265CF8}"
EndProject
Project("{9A19103F-16F7-4668-BE54-9A1E7A4F7556}") = "09. Longer Line", "09. Longer Line\09. Longer Line.csproj", "{12B19B45-8847-4433-A7F9-CD856CBB7F7C}"
EndProject
Project("{9A19103F-16F7-4668-BE54-9A1E7A4F7556}") = "10. Cube Properties", "10. Cube Properties\10. Cube Properties.csproj", "{6CE1DE5E-2EF8-4275-88ED-56EF5AAB8D5E}"
EndProject
Project("{9A19103F-16F7-4668-BE54-9A1E7A4F7556}") = "11. Geometry Calculator", "11. Geometry Calculator\11. Geometry Calculator.csproj", "{9F8A5A2B-7BD5-48BE-8690-C0C79F34AD63}"
EndProject
Project("{9A19103F-16F7-4668-BE54-9A1E7A4F7556}") = "12. Master Numbers", "12. Master Numbers\12. Master Numbers.csproj", "{E77C2EEE-C1A2-465E-8674-57432C974629}"
EndProject
Project("{FAE04EC0-301F-11D3-BF4B-00C04F79EFBC}") = "13. Factorial", "13. Factorial\13. Factorial.csproj", "{0E76E835-9A3C-4224-BC6D-391087F4FDA0}"
EndProject
Project("{FAE04EC0-301F-11D3-BF4B-00C04F79EFBC}") = "14. Factorial Trailing Zeroes", "14. Factorial Trailing Zeroes\14. Factorial Trailing Zeroes.csproj", "{331D90E9-D5D5-45B8-94F2-B6171A3DB4B1}"
EndProject
Project("{FAE04EC0-301F-11D3-BF4B-00C04F79EFBC}") = "15. Substring", "15. Substring\15. Substring.csproj", "{66BF8DB2-8AA5-4B49-BF6E-B8FD6BFF0587}"
EndProject
Global
	GlobalSection(SolutionConfigurationPlatforms) = preSolution
		Debug|Any CPU = Debug|Any CPU
		Debug|ARM = Debug|ARM
		Debug|x64 = Debug|x64
		Debug|x86 = Debug|x86
		Release|Any CPU = Release|Any CPU
		Release|ARM = Release|ARM
		Release|x64 = Release|x64
		Release|x86 = Release|x86
	EndGlobalSection
	GlobalSection(ProjectConfigurationPlatforms) = postSolution
		{E8556302-3081-46D6-A6DA-5B4A27857C8B}.Debug|Any CPU.ActiveCfg = Debug|Any CPU
		{E8556302-3081-46D6-A6DA-5B4A27857C8B}.Debug|Any CPU.Build.0 = Debug|Any CPU
		{E8556302-3081-46D6-A6DA-5B4A27857C8B}.Debug|ARM.ActiveCfg = Debug|Any CPU
		{E8556302-3081-46D6-A6DA-5B4A27857C8B}.Debug|ARM.Build.0 = Debug|Any CPU
		{E8556302-3081-46D6-A6DA-5B4A27857C8B}.Debug|x64.ActiveCfg = Debug|Any CPU
		{E8556302-3081-46D6-A6DA-5B4A27857C8B}.Debug|x64.Build.0 = Debug|Any CPU
		{E8556302-3081-46D6-A6DA-5B4A27857C8B}.Debug|x86.ActiveCfg = Debug|Any CPU
		{E8556302-3081-46D6-A6DA-5B4A27857C8B}.Debug|x86.Build.0 = Debug|Any CPU
		{E8556302-3081-46D6-A6DA-5B4A27857C8B}.Release|Any CPU.ActiveCfg = Release|Any CPU
		{E8556302-3081-46D6-A6DA-5B4A27857C8B}.Release|Any CPU.Build.0 = Release|Any CPU
		{E8556302-3081-46D6-A6DA-5B4A27857C8B}.Release|ARM.ActiveCfg = Release|Any CPU
		{E8556302-3081-46D6-A6DA-5B4A27857C8B}.Release|ARM.Build.0 = Release|Any CPU
		{E8556302-3081-46D6-A6DA-5B4A27857C8B}.Release|x64.ActiveCfg = Release|Any CPU
		{E8556302-3081-46D6-A6DA-5B4A27857C8B}.Release|x64.Build.0 = Release|Any CPU
		{E8556302-3081-46D6-A6DA-5B4A27857C8B}.Release|x86.ActiveCfg = Release|Any CPU
		{E8556302-3081-46D6-A6DA-5B4A27857C8B}.Release|x86.Build.0 = Release|Any CPU
		{8951E0EC-4BDB-49B7-A425-80BB658B5524}.Debug|Any CPU.ActiveCfg = Debug|Any CPU
		{8951E0EC-4BDB-49B7-A425-80BB658B5524}.Debug|Any CPU.Build.0 = Debug|Any CPU
		{8951E0EC-4BDB-49B7-A425-80BB658B5524}.Debug|ARM.ActiveCfg = Debug|Any CPU
		{8951E0EC-4BDB-49B7-A425-80BB658B5524}.Debug|ARM.Build.0 = Debug|Any CPU
		{8951E0EC-4BDB-49B7-A425-80BB658B5524}.Debug|x64.ActiveCfg = Debug|Any CPU
		{8951E0EC-4BDB-49B7-A425-80BB658B5524}.Debug|x64.Build.0 = Debug|Any CPU
		{8951E0EC-4BDB-49B7-A425-80BB658B5524}.Debug|x86.ActiveCfg = Debug|Any CPU
		{8951E0EC-4BDB-49B7-A425-80BB658B5524}.Debug|x86.Build.0 = Debug|Any CPU
		{8951E0EC-4BDB-49B7-A425-80BB658B5524}.Release|Any CPU.ActiveCfg = Release|Any CPU
		{8951E0EC-4BDB-49B7-A425-80BB658B5524}.Release|Any CPU.Build.0 = Release|Any CPU
		{8951E0EC-4BDB-49B7-A425-80BB658B5524}.Release|ARM.ActiveCfg = Release|Any CPU
		{8951E0EC-4BDB-49B7-A425-80BB658B5524}.Release|ARM.Build.0 = Release|Any CPU
		{8951E0EC-4BDB-49B7-A425-80BB658B5524}.Release|x64.ActiveCfg = Release|Any CPU
		{8951E0EC-4BDB-49B7-A425-80BB658B5524}.Release|x64.Build.0 = Release|Any CPU
		{8951E0EC-4BDB-49B7-A425-80BB658B5524}.Release|x86.ActiveCfg = Release|Any CPU
		{8951E0EC-4BDB-49B7-A425-80BB658B5524}.Release|x86.Build.0 = Release|Any CPU
		{3AC54AE7-A2B8-4DA7-9BE9-44D21C0EA3DB}.Debug|Any CPU.ActiveCfg = Debug|Any CPU
		{3AC54AE7-A2B8-4DA7-9BE9-44D21C0EA3DB}.Debug|Any CPU.Build.0 = Debug|Any CPU
		{3AC54AE7-A2B8-4DA7-9BE9-44D21C0EA3DB}.Debug|ARM.ActiveCfg = Debug|Any CPU
		{3AC54AE7-A2B8-4DA7-9BE9-44D21C0EA3DB}.Debug|ARM.Build.0 = Debug|Any CPU
		{3AC54AE7-A2B8-4DA7-9BE9-44D21C0EA3DB}.Debug|x64.ActiveCfg = Debug|Any CPU
		{3AC54AE7-A2B8-4DA7-9BE9-44D21C0EA3DB}.Debug|x64.Build.0 = Debug|Any CPU
		{3AC54AE7-A2B8-4DA7-9BE9-44D21C0EA3DB}.Debug|x86.ActiveCfg = Debug|Any CPU
		{3AC54AE7-A2B8-4DA7-9BE9-44D21C0EA3DB}.Debug|x86.Build.0 = Debug|Any CPU
		{3AC54AE7-A2B8-4DA7-9BE9-44D21C0EA3DB}.Release|Any CPU.ActiveCfg = Release|Any CPU
		{3AC54AE7-A2B8-4DA7-9BE9-44D21C0EA3DB}.Release|Any CPU.Build.0 = Release|Any CPU
		{3AC54AE7-A2B8-4DA7-9BE9-44D21C0EA3DB}.Release|ARM.ActiveCfg = Release|Any CPU
		{3AC54AE7-A2B8-4DA7-9BE9-44D21C0EA3DB}.Release|ARM.Build.0 = Release|Any CPU
		{3AC54AE7-A2B8-4DA7-9BE9-44D21C0EA3DB}.Release|x64.ActiveCfg = Release|Any CPU
		{3AC54AE7-A2B8-4DA7-9BE9-44D21C0EA3DB}.Release|x64.Build.0 = Release|Any CPU
		{3AC54AE7-A2B8-4DA7-9BE9-44D21C0EA3DB}.Release|x86.ActiveCfg = Release|Any CPU
		{3AC54AE7-A2B8-4DA7-9BE9-44D21C0EA3DB}.Release|x86.Build.0 = Release|Any CPU
		{A265EC94-74B8-4EDC-A4CD-57A0108E8FE2}.Debug|Any CPU.ActiveCfg = Debug|Any CPU
		{A265EC94-74B8-4EDC-A4CD-57A0108E8FE2}.Debug|Any CPU.Build.0 = Debug|Any CPU
		{A265EC94-74B8-4EDC-A4CD-57A0108E8FE2}.Debug|ARM.ActiveCfg = Debug|Any CPU
		{A265EC94-74B8-4EDC-A4CD-57A0108E8FE2}.Debug|ARM.Build.0 = Debug|Any CPU
		{A265EC94-74B8-4EDC-A4CD-57A0108E8FE2}.Debug|x64.ActiveCfg = Debug|Any CPU
		{A265EC94-74B8-4EDC-A4CD-57A0108E8FE2}.Debug|x64.Build.0 = Debug|Any CPU
		{A265EC94-74B8-4EDC-A4CD-57A0108E8FE2}.Debug|x86.ActiveCfg = Debug|Any CPU
		{A265EC94-74B8-4EDC-A4CD-57A0108E8FE2}.Debug|x86.Build.0 = Debug|Any CPU
		{A265EC94-74B8-4EDC-A4CD-57A0108E8FE2}.Release|Any CPU.ActiveCfg = Release|Any CPU
		{A265EC94-74B8-4EDC-A4CD-57A0108E8FE2}.Release|Any CPU.Build.0 = Release|Any CPU
		{A265EC94-74B8-4EDC-A4CD-57A0108E8FE2}.Release|ARM.ActiveCfg = Release|Any CPU
		{A265EC94-74B8-4EDC-A4CD-57A0108E8FE2}.Release|ARM.Build.0 = Release|Any CPU
		{A265EC94-74B8-4EDC-A4CD-57A0108E8FE2}.Release|x64.ActiveCfg = Release|Any CPU
		{A265EC94-74B8-4EDC-A4CD-57A0108E8FE2}.Release|x64.Build.0 = Release|Any CPU
		{A265EC94-74B8-4EDC-A4CD-57A0108E8FE2}.Release|x86.ActiveCfg = Release|Any CPU
		{A265EC94-74B8-4EDC-A4CD-57A0108E8FE2}.Release|x86.Build.0 = Release|Any CPU
		{579AAF1F-18C1-4ACB-A713-EB042627CF37}.Debug|Any CPU.ActiveCfg = Debug|Any CPU
		{579AAF1F-18C1-4ACB-A713-EB042627CF37}.Debug|Any CPU.Build.0 = Debug|Any CPU
		{579AAF1F-18C1-4ACB-A713-EB042627CF37}.Debug|ARM.ActiveCfg = Debug|Any CPU
		{579AAF1F-18C1-4ACB-A713-EB042627CF37}.Debug|ARM.Build.0 = Debug|Any CPU
		{579AAF1F-18C1-4ACB-A713-EB042627CF37}.Debug|x64.ActiveCfg = Debug|Any CPU
		{579AAF1F-18C1-4ACB-A713-EB042627CF37}.Debug|x64.Build.0 = Debug|Any CPU
		{579AAF1F-18C1-4ACB-A713-EB042627CF37}.Debug|x86.ActiveCfg = Debug|Any CPU
		{579AAF1F-18C1-4ACB-A713-EB042627CF37}.Debug|x86.Build.0 = Debug|Any CPU
		{579AAF1F-18C1-4ACB-A713-EB042627CF37}.Release|Any CPU.ActiveCfg = Release|Any CPU
		{579AAF1F-18C1-4ACB-A713-EB042627CF37}.Release|Any CPU.Build.0 = Release|Any CPU
		{579AAF1F-18C1-4ACB-A713-EB042627CF37}.Release|ARM.ActiveCfg = Release|Any CPU
		{579AAF1F-18C1-4ACB-A713-EB042627CF37}.Release|ARM.Build.0 = Release|Any CPU
		{579AAF1F-18C1-4ACB-A713-EB042627CF37}.Release|x64.ActiveCfg = Release|Any CPU
		{579AAF1F-18C1-4ACB-A713-EB042627CF37}.Release|x64.Build.0 = Release|Any CPU
		{579AAF1F-18C1-4ACB-A713-EB042627CF37}.Release|x86.ActiveCfg = Release|Any CPU
		{579AAF1F-18C1-4ACB-A713-EB042627CF37}.Release|x86.Build.0 = Release|Any CPU
		{CD477870-F124-4EEF-BE2F-E9137D276EA7}.Debug|Any CPU.ActiveCfg = Debug|Any CPU
		{CD477870-F124-4EEF-BE2F-E9137D276EA7}.Debug|Any CPU.Build.0 = Debug|Any CPU
		{CD477870-F124-4EEF-BE2F-E9137D276EA7}.Debug|ARM.ActiveCfg = Debug|Any CPU
		{CD477870-F124-4EEF-BE2F-E9137D276EA7}.Debug|ARM.Build.0 = Debug|Any CPU
		{CD477870-F124-4EEF-BE2F-E9137D276EA7}.Debug|x64.ActiveCfg = Debug|Any CPU
		{CD477870-F124-4EEF-BE2F-E9137D276EA7}.Debug|x64.Build.0 = Debug|Any CPU
		{CD477870-F124-4EEF-BE2F-E9137D276EA7}.Debug|x86.ActiveCfg = Debug|Any CPU
		{CD477870-F124-4EEF-BE2F-E9137D276EA7}.Debug|x86.Build.0 = Debug|Any CPU
		{CD477870-F124-4EEF-BE2F-E9137D276EA7}.Release|Any CPU.ActiveCfg = Release|Any CPU
		{CD477870-F124-4EEF-BE2F-E9137D276EA7}.Release|Any CPU.Build.0 = Release|Any CPU
		{CD477870-F124-4EEF-BE2F-E9137D276EA7}.Release|ARM.ActiveCfg = Release|Any CPU
		{CD477870-F124-4EEF-BE2F-E9137D276EA7}.Release|ARM.Build.0 = Release|Any CPU
		{CD477870-F124-4EEF-BE2F-E9137D276EA7}.Release|x64.ActiveCfg = Release|Any CPU
		{CD477870-F124-4EEF-BE2F-E9137D276EA7}.Release|x64.Build.0 = Release|Any CPU
		{CD477870-F124-4EEF-BE2F-E9137D276EA7}.Release|x86.ActiveCfg = Release|Any CPU
		{CD477870-F124-4EEF-BE2F-E9137D276EA7}.Release|x86.Build.0 = Release|Any CPU
		{DE5FDB6D-CE87-49E6-8CF8-EE6C3120A006}.Debug|Any CPU.ActiveCfg = Debug|Any CPU
		{DE5FDB6D-CE87-49E6-8CF8-EE6C3120A006}.Debug|Any CPU.Build.0 = Debug|Any CPU
		{DE5FDB6D-CE87-49E6-8CF8-EE6C3120A006}.Debug|ARM.ActiveCfg = Debug|Any CPU
		{DE5FDB6D-CE87-49E6-8CF8-EE6C3120A006}.Debug|ARM.Build.0 = Debug|Any CPU
		{DE5FDB6D-CE87-49E6-8CF8-EE6C3120A006}.Debug|x64.ActiveCfg = Debug|Any CPU
		{DE5FDB6D-CE87-49E6-8CF8-EE6C3120A006}.Debug|x64.Build.0 = Debug|Any CPU
		{DE5FDB6D-CE87-49E6-8CF8-EE6C3120A006}.Debug|x86.ActiveCfg = Debug|Any CPU
		{DE5FDB6D-CE87-49E6-8CF8-EE6C3120A006}.Debug|x86.Build.0 = Debug|Any CPU
		{DE5FDB6D-CE87-49E6-8CF8-EE6C3120A006}.Release|Any CPU.ActiveCfg = Release|Any CPU
		{DE5FDB6D-CE87-49E6-8CF8-EE6C3120A006}.Release|Any CPU.Build.0 = Release|Any CPU
		{DE5FDB6D-CE87-49E6-8CF8-EE6C3120A006}.Release|ARM.ActiveCfg = Release|Any CPU
		{DE5FDB6D-CE87-49E6-8CF8-EE6C3120A006}.Release|ARM.Build.0 = Release|Any CPU
		{DE5FDB6D-CE87-49E6-8CF8-EE6C3120A006}.Release|x64.ActiveCfg = Release|Any CPU
		{DE5FDB6D-CE87-49E6-8CF8-EE6C3120A006}.Release|x64.Build.0 = Release|Any CPU
		{DE5FDB6D-CE87-49E6-8CF8-EE6C3120A006}.Release|x86.ActiveCfg = Release|Any CPU
		{DE5FDB6D-CE87-49E6-8CF8-EE6C3120A006}.Release|x86.Build.0 = Release|Any CPU
		{7354D1DA-6281-4458-A5B6-7962E4265CF8}.Debug|Any CPU.ActiveCfg = Debug|Any CPU
		{7354D1DA-6281-4458-A5B6-7962E4265CF8}.Debug|Any CPU.Build.0 = Debug|Any CPU
		{7354D1DA-6281-4458-A5B6-7962E4265CF8}.Debug|ARM.ActiveCfg = Debug|Any CPU
		{7354D1DA-6281-4458-A5B6-7962E4265CF8}.Debug|ARM.Build.0 = Debug|Any CPU
		{7354D1DA-6281-4458-A5B6-7962E4265CF8}.Debug|x64.ActiveCfg = Debug|Any CPU
		{7354D1DA-6281-4458-A5B6-7962E4265CF8}.Debug|x64.Build.0 = Debug|Any CPU
		{7354D1DA-6281-4458-A5B6-7962E4265CF8}.Debug|x86.ActiveCfg = Debug|Any CPU
		{7354D1DA-6281-4458-A5B6-7962E4265CF8}.Debug|x86.Build.0 = Debug|Any CPU
		{7354D1DA-6281-4458-A5B6-7962E4265CF8}.Release|Any CPU.ActiveCfg = Release|Any CPU
		{7354D1DA-6281-4458-A5B6-7962E4265CF8}.Release|Any CPU.Build.0 = Release|Any CPU
		{7354D1DA-6281-4458-A5B6-7962E4265CF8}.Release|ARM.ActiveCfg = Release|Any CPU
		{7354D1DA-6281-4458-A5B6-7962E4265CF8}.Release|ARM.Build.0 = Release|Any CPU
		{7354D1DA-6281-4458-A5B6-7962E4265CF8}.Release|x64.ActiveCfg = Release|Any CPU
		{7354D1DA-6281-4458-A5B6-7962E4265CF8}.Release|x64.Build.0 = Release|Any CPU
		{7354D1DA-6281-4458-A5B6-7962E4265CF8}.Release|x86.ActiveCfg = Release|Any CPU
		{7354D1DA-6281-4458-A5B6-7962E4265CF8}.Release|x86.Build.0 = Release|Any CPU
		{12B19B45-8847-4433-A7F9-CD856CBB7F7C}.Debug|Any CPU.ActiveCfg = Debug|Any CPU
		{12B19B45-8847-4433-A7F9-CD856CBB7F7C}.Debug|Any CPU.Build.0 = Debug|Any CPU
		{12B19B45-8847-4433-A7F9-CD856CBB7F7C}.Debug|ARM.ActiveCfg = Debug|Any CPU
		{12B19B45-8847-4433-A7F9-CD856CBB7F7C}.Debug|ARM.Build.0 = Debug|Any CPU
		{12B19B45-8847-4433-A7F9-CD856CBB7F7C}.Debug|x64.ActiveCfg = Debug|Any CPU
		{12B19B45-8847-4433-A7F9-CD856CBB7F7C}.Debug|x64.Build.0 = Debug|Any CPU
		{12B19B45-8847-4433-A7F9-CD856CBB7F7C}.Debug|x86.ActiveCfg = Debug|Any CPU
		{12B19B45-8847-4433-A7F9-CD856CBB7F7C}.Debug|x86.Build.0 = Debug|Any CPU
		{12B19B45-8847-4433-A7F9-CD856CBB7F7C}.Release|Any CPU.ActiveCfg = Release|Any CPU
		{12B19B45-8847-4433-A7F9-CD856CBB7F7C}.Release|Any CPU.Build.0 = Release|Any CPU
		{12B19B45-8847-4433-A7F9-CD856CBB7F7C}.Release|ARM.ActiveCfg = Release|Any CPU
		{12B19B45-8847-4433-A7F9-CD856CBB7F7C}.Release|ARM.Build.0 = Release|Any CPU
		{12B19B45-8847-4433-A7F9-CD856CBB7F7C}.Release|x64.ActiveCfg = Release|Any CPU
		{12B19B45-8847-4433-A7F9-CD856CBB7F7C}.Release|x64.Build.0 = Release|Any CPU
		{12B19B45-8847-4433-A7F9-CD856CBB7F7C}.Release|x86.ActiveCfg = Release|Any CPU
		{12B19B45-8847-4433-A7F9-CD856CBB7F7C}.Release|x86.Build.0 = Release|Any CPU
		{6CE1DE5E-2EF8-4275-88ED-56EF5AAB8D5E}.Debug|Any CPU.ActiveCfg = Debug|Any CPU
		{6CE1DE5E-2EF8-4275-88ED-56EF5AAB8D5E}.Debug|Any CPU.Build.0 = Debug|Any CPU
		{6CE1DE5E-2EF8-4275-88ED-56EF5AAB8D5E}.Debug|ARM.ActiveCfg = Debug|Any CPU
		{6CE1DE5E-2EF8-4275-88ED-56EF5AAB8D5E}.Debug|ARM.Build.0 = Debug|Any CPU
		{6CE1DE5E-2EF8-4275-88ED-56EF5AAB8D5E}.Debug|x64.ActiveCfg = Debug|Any CPU
		{6CE1DE5E-2EF8-4275-88ED-56EF5AAB8D5E}.Debug|x64.Build.0 = Debug|Any CPU
		{6CE1DE5E-2EF8-4275-88ED-56EF5AAB8D5E}.Debug|x86.ActiveCfg = Debug|Any CPU
		{6CE1DE5E-2EF8-4275-88ED-56EF5AAB8D5E}.Debug|x86.Build.0 = Debug|Any CPU
		{6CE1DE5E-2EF8-4275-88ED-56EF5AAB8D5E}.Release|Any CPU.ActiveCfg = Release|Any CPU
		{6CE1DE5E-2EF8-4275-88ED-56EF5AAB8D5E}.Release|Any CPU.Build.0 = Release|Any CPU
		{6CE1DE5E-2EF8-4275-88ED-56EF5AAB8D5E}.Release|ARM.ActiveCfg = Release|Any CPU
		{6CE1DE5E-2EF8-4275-88ED-56EF5AAB8D5E}.Release|ARM.Build.0 = Release|Any CPU
		{6CE1DE5E-2EF8-4275-88ED-56EF5AAB8D5E}.Release|x64.ActiveCfg = Release|Any CPU
		{6CE1DE5E-2EF8-4275-88ED-56EF5AAB8D5E}.Release|x64.Build.0 = Release|Any CPU
		{6CE1DE5E-2EF8-4275-88ED-56EF5AAB8D5E}.Release|x86.ActiveCfg = Release|Any CPU
		{6CE1DE5E-2EF8-4275-88ED-56EF5AAB8D5E}.Release|x86.Build.0 = Release|Any CPU
		{9F8A5A2B-7BD5-48BE-8690-C0C79F34AD63}.Debug|Any CPU.ActiveCfg = Debug|Any CPU
		{9F8A5A2B-7BD5-48BE-8690-C0C79F34AD63}.Debug|Any CPU.Build.0 = Debug|Any CPU
		{9F8A5A2B-7BD5-48BE-8690-C0C79F34AD63}.Debug|ARM.ActiveCfg = Debug|Any CPU
		{9F8A5A2B-7BD5-48BE-8690-C0C79F34AD63}.Debug|ARM.Build.0 = Debug|Any CPU
		{9F8A5A2B-7BD5-48BE-8690-C0C79F34AD63}.Debug|x64.ActiveCfg = Debug|Any CPU
		{9F8A5A2B-7BD5-48BE-8690-C0C79F34AD63}.Debug|x64.Build.0 = Debug|Any CPU
		{9F8A5A2B-7BD5-48BE-8690-C0C79F34AD63}.Debug|x86.ActiveCfg = Debug|Any CPU
		{9F8A5A2B-7BD5-48BE-8690-C0C79F34AD63}.Debug|x86.Build.0 = Debug|Any CPU
		{9F8A5A2B-7BD5-48BE-8690-C0C79F34AD63}.Release|Any CPU.ActiveCfg = Release|Any CPU
		{9F8A5A2B-7BD5-48BE-8690-C0C79F34AD63}.Release|Any CPU.Build.0 = Release|Any CPU
		{9F8A5A2B-7BD5-48BE-8690-C0C79F34AD63}.Release|ARM.ActiveCfg = Release|Any CPU
		{9F8A5A2B-7BD5-48BE-8690-C0C79F34AD63}.Release|ARM.Build.0 = Release|Any CPU
		{9F8A5A2B-7BD5-48BE-8690-C0C79F34AD63}.Release|x64.ActiveCfg = Release|Any CPU
		{9F8A5A2B-7BD5-48BE-8690-C0C79F34AD63}.Release|x64.Build.0 = Release|Any CPU
		{9F8A5A2B-7BD5-48BE-8690-C0C79F34AD63}.Release|x86.ActiveCfg = Release|Any CPU
		{9F8A5A2B-7BD5-48BE-8690-C0C79F34AD63}.Release|x86.Build.0 = Release|Any CPU
		{E77C2EEE-C1A2-465E-8674-57432C974629}.Debug|Any CPU.ActiveCfg = Debug|Any CPU
		{E77C2EEE-C1A2-465E-8674-57432C974629}.Debug|Any CPU.Build.0 = Debug|Any CPU
		{E77C2EEE-C1A2-465E-8674-57432C974629}.Debug|ARM.ActiveCfg = Debug|Any CPU
		{E77C2EEE-C1A2-465E-8674-57432C974629}.Debug|ARM.Build.0 = Debug|Any CPU
		{E77C2EEE-C1A2-465E-8674-57432C974629}.Debug|x64.ActiveCfg = Debug|Any CPU
		{E77C2EEE-C1A2-465E-8674-57432C974629}.Debug|x64.Build.0 = Debug|Any CPU
		{E77C2EEE-C1A2-465E-8674-57432C974629}.Debug|x86.ActiveCfg = Debug|Any CPU
		{E77C2EEE-C1A2-465E-8674-57432C974629}.Debug|x86.Build.0 = Debug|Any CPU
		{E77C2EEE-C1A2-465E-8674-57432C974629}.Release|Any CPU.ActiveCfg = Release|Any CPU
		{E77C2EEE-C1A2-465E-8674-57432C974629}.Release|Any CPU.Build.0 = Release|Any CPU
		{E77C2EEE-C1A2-465E-8674-57432C974629}.Release|ARM.ActiveCfg = Release|Any CPU
		{E77C2EEE-C1A2-465E-8674-57432C974629}.Release|ARM.Build.0 = Release|Any CPU
		{E77C2EEE-C1A2-465E-8674-57432C974629}.Release|x64.ActiveCfg = Release|Any CPU
		{E77C2EEE-C1A2-465E-8674-57432C974629}.Release|x64.Build.0 = Release|Any CPU
		{E77C2EEE-C1A2-465E-8674-57432C974629}.Release|x86.ActiveCfg = Release|Any CPU
		{E77C2EEE-C1A2-465E-8674-57432C974629}.Release|x86.Build.0 = Release|Any CPU
		{0E76E835-9A3C-4224-BC6D-391087F4FDA0}.Debug|Any CPU.ActiveCfg = Debug|Any CPU
		{0E76E835-9A3C-4224-BC6D-391087F4FDA0}.Debug|Any CPU.Build.0 = Debug|Any CPU
		{0E76E835-9A3C-4224-BC6D-391087F4FDA0}.Debug|ARM.ActiveCfg = Debug|Any CPU
		{0E76E835-9A3C-4224-BC6D-391087F4FDA0}.Debug|ARM.Build.0 = Debug|Any CPU
		{0E76E835-9A3C-4224-BC6D-391087F4FDA0}.Debug|x64.ActiveCfg = Debug|Any CPU
		{0E76E835-9A3C-4224-BC6D-391087F4FDA0}.Debug|x64.Build.0 = Debug|Any CPU
		{0E76E835-9A3C-4224-BC6D-391087F4FDA0}.Debug|x86.ActiveCfg = Debug|Any CPU
		{0E76E835-9A3C-4224-BC6D-391087F4FDA0}.Debug|x86.Build.0 = Debug|Any CPU
		{0E76E835-9A3C-4224-BC6D-391087F4FDA0}.Release|Any CPU.ActiveCfg = Release|Any CPU
		{0E76E835-9A3C-4224-BC6D-391087F4FDA0}.Release|Any CPU.Build.0 = Release|Any CPU
		{0E76E835-9A3C-4224-BC6D-391087F4FDA0}.Release|ARM.ActiveCfg = Release|Any CPU
		{0E76E835-9A3C-4224-BC6D-391087F4FDA0}.Release|ARM.Build.0 = Release|Any CPU
		{0E76E835-9A3C-4224-BC6D-391087F4FDA0}.Release|x64.ActiveCfg = Release|Any CPU
		{0E76E835-9A3C-4224-BC6D-391087F4FDA0}.Release|x64.Build.0 = Release|Any CPU
		{0E76E835-9A3C-4224-BC6D-391087F4FDA0}.Release|x86.ActiveCfg = Release|Any CPU
		{0E76E835-9A3C-4224-BC6D-391087F4FDA0}.Release|x86.Build.0 = Release|Any CPU
		{331D90E9-D5D5-45B8-94F2-B6171A3DB4B1}.Debug|Any CPU.ActiveCfg = Debug|Any CPU
		{331D90E9-D5D5-45B8-94F2-B6171A3DB4B1}.Debug|Any CPU.Build.0 = Debug|Any CPU
		{331D90E9-D5D5-45B8-94F2-B6171A3DB4B1}.Debug|ARM.ActiveCfg = Debug|Any CPU
		{331D90E9-D5D5-45B8-94F2-B6171A3DB4B1}.Debug|ARM.Build.0 = Debug|Any CPU
		{331D90E9-D5D5-45B8-94F2-B6171A3DB4B1}.Debug|x64.ActiveCfg = Debug|Any CPU
		{331D90E9-D5D5-45B8-94F2-B6171A3DB4B1}.Debug|x64.Build.0 = Debug|Any CPU
		{331D90E9-D5D5-45B8-94F2-B6171A3DB4B1}.Debug|x86.ActiveCfg = Debug|Any CPU
		{331D90E9-D5D5-45B8-94F2-B6171A3DB4B1}.Debug|x86.Build.0 = Debug|Any CPU
		{331D90E9-D5D5-45B8-94F2-B6171A3DB4B1}.Release|Any CPU.ActiveCfg = Release|Any CPU
		{331D90E9-D5D5-45B8-94F2-B6171A3DB4B1}.Release|Any CPU.Build.0 = Release|Any CPU
		{331D90E9-D5D5-45B8-94F2-B6171A3DB4B1}.Release|ARM.ActiveCfg = Release|Any CPU
		{331D90E9-D5D5-45B8-94F2-B6171A3DB4B1}.Release|ARM.Build.0 = Release|Any CPU
		{331D90E9-D5D5-45B8-94F2-B6171A3DB4B1}.Release|x64.ActiveCfg = Release|Any CPU
		{331D90E9-D5D5-45B8-94F2-B6171A3DB4B1}.Release|x64.Build.0 = Release|Any CPU
		{331D90E9-D5D5-45B8-94F2-B6171A3DB4B1}.Release|x86.ActiveCfg = Release|Any CPU
		{331D90E9-D5D5-45B8-94F2-B6171A3DB4B1}.Release|x86.Build.0 = Release|Any CPU
		{66BF8DB2-8AA5-4B49-BF6E-B8FD6BFF0587}.Debug|Any CPU.ActiveCfg = Debug|Any CPU
		{66BF8DB2-8AA5-4B49-BF6E-B8FD6BFF0587}.Debug|Any CPU.Build.0 = Debug|Any CPU
		{66BF8DB2-8AA5-4B49-BF6E-B8FD6BFF0587}.Debug|ARM.ActiveCfg = Debug|Any CPU
		{66BF8DB2-8AA5-4B49-BF6E-B8FD6BFF0587}.Debug|ARM.Build.0 = Debug|Any CPU
		{66BF8DB2-8AA5-4B49-BF6E-B8FD6BFF0587}.Debug|x64.ActiveCfg = Debug|Any CPU
		{66BF8DB2-8AA5-4B49-BF6E-B8FD6BFF0587}.Debug|x64.Build.0 = Debug|Any CPU
		{66BF8DB2-8AA5-4B49-BF6E-B8FD6BFF0587}.Debug|x86.ActiveCfg = Debug|Any CPU
		{66BF8DB2-8AA5-4B49-BF6E-B8FD6BFF0587}.Debug|x86.Build.0 = Debug|Any CPU
		{66BF8DB2-8AA5-4B49-BF6E-B8FD6BFF0587}.Release|Any CPU.ActiveCfg = Release|Any CPU
		{66BF8DB2-8AA5-4B49-BF6E-B8FD6BFF0587}.Release|Any CPU.Build.0 = Release|Any CPU
		{66BF8DB2-8AA5-4B49-BF6E-B8FD6BFF0587}.Release|ARM.ActiveCfg = Release|Any CPU
		{66BF8DB2-8AA5-4B49-BF6E-B8FD6BFF0587}.Release|ARM.Build.0 = Release|Any CPU
		{66BF8DB2-8AA5-4B49-BF6E-B8FD6BFF0587}.Release|x64.ActiveCfg = Release|Any CPU
		{66BF8DB2-8AA5-4B49-BF6E-B8FD6BFF0587}.Release|x64.Build.0 = Release|Any CPU
		{66BF8DB2-8AA5-4B49-BF6E-B8FD6BFF0587}.Release|x86.ActiveCfg = Release|Any CPU
		{66BF8DB2-8AA5-4B49-BF6E-B8FD6BFF0587}.Release|x86.Build.0 = Release|Any CPU
	EndGlobalSection
	GlobalSection(SolutionProperties) = preSolution
		HideSolutionNode = FALSE
	EndGlobalSection
	GlobalSection(ExtensibilityGlobals) = postSolution
		SolutionGuid = {2608E32B-2C93-433A-86AD-4EAF6E8E4515}
	EndGlobalSection
EndGlobal
