
Microsoft Visual Studio Solution File, Format Version 12.00
# Visual Studio 15
VisualStudioVersion = 15.0.27703.2026
MinimumVisualStudioVersion = 10.0.40219.1
Project("{9A19103F-16F7-4668-BE54-9A1E7A4F7556}") = "01. SoftUniReception", "01. SoftUniReception\01. SoftUniReception.csproj", "{7247B7F9-B491-49E0-8FFC-7521121AC6F4}"
EndProject
Project("{9A19103F-16F7-4668-BE54-9A1E7A4F7556}") = "02.SoftUniCoursePlanning", "02.SoftUniCoursePlanning\02.SoftUniCoursePlanning.csproj", "{713A5355-0951-46FF-8E48-1EC574826D11}"
EndProject
Project("{FAE04EC0-301F-11D3-BF4B-00C04F79EFBC}") = "03.SoftUniBarIncome", "03.SoftUniBarIncome\03.SoftUniBarIncome.csproj", "{7D0CFA78-A3EF-4F5E-B171-DA657AB75F83}"
EndProject
Project("{FAE04EC0-301F-11D3-BF4B-00C04F79EFBC}") = "04.SoftUniExamResults", "04.SoftUniExamResults\04.SoftUniExamResults.csproj", "{26EDCFA6-5DCB-4F1D-BF79-894DB56DF750}"
EndProject
Global
	GlobalSection(SolutionConfigurationPlatforms) = preSolution
		Debug|Any CPU = Debug|Any CPU
		Release|Any CPU = Release|Any CPU
	EndGlobalSection
	GlobalSection(ProjectConfigurationPlatforms) = postSolution
		{7247B7F9-B491-49E0-8FFC-7521121AC6F4}.Debug|Any CPU.ActiveCfg = Debug|Any CPU
		{7247B7F9-B491-49E0-8FFC-7521121AC6F4}.Debug|Any CPU.Build.0 = Debug|Any CPU
		{7247B7F9-B491-49E0-8FFC-7521121AC6F4}.Release|Any CPU.ActiveCfg = Release|Any CPU
		{7247B7F9-B491-49E0-8FFC-7521121AC6F4}.Release|Any CPU.Build.0 = Release|Any CPU
		{713A5355-0951-46FF-8E48-1EC574826D11}.Debug|Any CPU.ActiveCfg = Debug|Any CPU
		{713A5355-0951-46FF-8E48-1EC574826D11}.Debug|Any CPU.Build.0 = Debug|Any CPU
		{713A5355-0951-46FF-8E48-1EC574826D11}.Release|Any CPU.ActiveCfg = Release|Any CPU
		{713A5355-0951-46FF-8E48-1EC574826D11}.Release|Any CPU.Build.0 = Release|Any CPU
		{7D0CFA78-A3EF-4F5E-B171-DA657AB75F83}.Debug|Any CPU.ActiveCfg = Debug|Any CPU
		{7D0CFA78-A3EF-4F5E-B171-DA657AB75F83}.Debug|Any CPU.Build.0 = Debug|Any CPU
		{7D0CFA78-A3EF-4F5E-B171-DA657AB75F83}.Release|Any CPU.ActiveCfg = Release|Any CPU
		{7D0CFA78-A3EF-4F5E-B171-DA657AB75F83}.Release|Any CPU.Build.0 = Release|Any CPU
		{26EDCFA6-5DCB-4F1D-BF79-894DB56DF750}.Debug|Any CPU.ActiveCfg = Debug|Any CPU
		{26EDCFA6-5DCB-4F1D-BF79-894DB56DF750}.Debug|Any CPU.Build.0 = Debug|Any CPU
		{26EDCFA6-5DCB-4F1D-BF79-894DB56DF750}.Release|Any CPU.ActiveCfg = Release|Any CPU
		{26EDCFA6-5DCB-4F1D-BF79-894DB56DF750}.Release|Any CPU.Build.0 = Release|Any CPU
	EndGlobalSection
	GlobalSection(SolutionProperties) = preSolution
		HideSolutionNode = FALSE
	EndGlobalSection
	GlobalSection(ExtensibilityGlobals) = postSolution
		SolutionGuid = {A822F7CE-1937-430C-A0D4-195672AE0A18}
	EndGlobalSection
EndGlobal
